
Microsoft Visual Studio Solution File, Format Version 12.00
# Visual Studio 15
VisualStudioVersion = 15.0.28012.3001
MinimumVisualStudioVersion = 10.0.40219.1
Project("{FAE04EC0-301F-11D3-BF4B-00C04F79EFBC}") = "TrailingWhitespace", "src\TrailingWhitespace.csproj", "{B1F0ABB6-B033-43A4-81F7-61934474A4CF}"
EndProject
Project("{2150E333-8FDC-42A3-9474-1A3956D46DE8}") = "Solution Items", "Solution Items", "{BA4E1407-2A23-47AA-B3E0-24B5980EF712}"
	ProjectSection(SolutionItems) = preProject
		appveyor.yml = appveyor.yml
		README.md = README.md
	EndProjectSection
EndProject
Global
	GlobalSection(SolutionConfigurationPlatforms) = preSolution
		Debug|Any CPU = Debug|Any CPU
		Release|Any CPU = Release|Any CPU
	EndGlobalSection
	GlobalSection(ProjectConfigurationPlatforms) = postSolution
		{B1F0ABB6-B033-43A4-81F7-61934474A4CF}.Debug|Any CPU.ActiveCfg = Debug|Any CPU
		{B1F0ABB6-B033-43A4-81F7-61934474A4CF}.Debug|Any CPU.Build.0 = Debug|Any CPU
		{B1F0ABB6-B033-43A4-81F7-61934474A4CF}.Release|Any CPU.ActiveCfg = Release|Any CPU
		{B1F0ABB6-B033-43A4-81F7-61934474A4CF}.Release|Any CPU.Build.0 = Release|Any CPU
	EndGlobalSection
	GlobalSection(SolutionProperties) = preSolution
		HideSolutionNode = FALSE
	EndGlobalSection
	GlobalSection(ExtensibilityGlobals) = postSolution
		SolutionGuid = {0A71D667-5643-4081-98DB-D34326F4B88E}
	EndGlobalSection
EndGlobal
